
Microsoft Visual Studio Solution File, Format Version 12.00
# Visual Studio Version 17
VisualStudioVersion = 17.13.35731.43 d17.13
MinimumVisualStudioVersion = 10.0.40219.1
Project("{FAE04EC0-301F-11D3-BF4B-00C04F79EFBC}") = "SagaPattern.OrderService", "SagaPattern\SagaPattern.OrderService.csproj", "{48BE1401-4954-E1CD-022B-8A3F4FB4D831}"
EndProject
Project("{FAE04EC0-301F-11D3-BF4B-00C04F79EFBC}") = "SagaPattern.AppHost", "SagaPattern.AppHost\SagaPattern.AppHost.csproj", "{9743639F-CE31-4D2E-AC25-D3D7F5E2624C}"
EndProject
Project("{FAE04EC0-301F-11D3-BF4B-00C04F79EFBC}") = "SagaPattern.ServiceDefaults", "SagaPattern.ServiceDefaults\SagaPattern.ServiceDefaults.csproj", "{C5378898-40E7-97BC-F75F-37A1BEF80E3B}"
EndProject
Project("{FAE04EC0-301F-11D3-BF4B-00C04F79EFBC}") = "SagaPattern.Shared", "SagaPattern.Shared\SagaPattern.Shared.csproj", "{5BC8AEDC-333D-47CE-96A0-27889301D209}"
EndProject
Project("{FAE04EC0-301F-11D3-BF4B-00C04F79EFBC}") = "SagaPattern.PaymentService", "SagaPattern.PaymentService\SagaPattern.PaymentService.csproj", "{D6ACB28B-226E-7496-2A15-776CBB9487C4}"
EndProject
Global
	GlobalSection(SolutionConfigurationPlatforms) = preSolution
		Debug|Any CPU = Debug|Any CPU
		Release|Any CPU = Release|Any CPU
	EndGlobalSection
	GlobalSection(ProjectConfigurationPlatforms) = postSolution
		{48BE1401-4954-E1CD-022B-8A3F4FB4D831}.Debug|Any CPU.ActiveCfg = Debug|Any CPU
		{48BE1401-4954-E1CD-022B-8A3F4FB4D831}.Debug|Any CPU.Build.0 = Debug|Any CPU
		{48BE1401-4954-E1CD-022B-8A3F4FB4D831}.Release|Any CPU.ActiveCfg = Release|Any CPU
		{48BE1401-4954-E1CD-022B-8A3F4FB4D831}.Release|Any CPU.Build.0 = Release|Any CPU
		{9743639F-CE31-4D2E-AC25-D3D7F5E2624C}.Debug|Any CPU.ActiveCfg = Debug|Any CPU
		{9743639F-CE31-4D2E-AC25-D3D7F5E2624C}.Debug|Any CPU.Build.0 = Debug|Any CPU
		{9743639F-CE31-4D2E-AC25-D3D7F5E2624C}.Release|Any CPU.ActiveCfg = Release|Any CPU
		{9743639F-CE31-4D2E-AC25-D3D7F5E2624C}.Release|Any CPU.Build.0 = Release|Any CPU
		{C5378898-40E7-97BC-F75F-37A1BEF80E3B}.Debug|Any CPU.ActiveCfg = Debug|Any CPU
		{C5378898-40E7-97BC-F75F-37A1BEF80E3B}.Debug|Any CPU.Build.0 = Debug|Any CPU
		{C5378898-40E7-97BC-F75F-37A1BEF80E3B}.Release|Any CPU.ActiveCfg = Release|Any CPU
		{C5378898-40E7-97BC-F75F-37A1BEF80E3B}.Release|Any CPU.Build.0 = Release|Any CPU
		{5BC8AEDC-333D-47CE-96A0-27889301D209}.Debug|Any CPU.ActiveCfg = Debug|Any CPU
		{5BC8AEDC-333D-47CE-96A0-27889301D209}.Debug|Any CPU.Build.0 = Debug|Any CPU
		{5BC8AEDC-333D-47CE-96A0-27889301D209}.Release|Any CPU.ActiveCfg = Release|Any CPU
		{5BC8AEDC-333D-47CE-96A0-27889301D209}.Release|Any CPU.Build.0 = Release|Any CPU
		{D6ACB28B-226E-7496-2A15-776CBB9487C4}.Debug|Any CPU.ActiveCfg = Debug|Any CPU
		{D6ACB28B-226E-7496-2A15-776CBB9487C4}.Debug|Any CPU.Build.0 = Debug|Any CPU
		{D6ACB28B-226E-7496-2A15-776CBB9487C4}.Release|Any CPU.ActiveCfg = Release|Any CPU
		{D6ACB28B-226E-7496-2A15-776CBB9487C4}.Release|Any CPU.Build.0 = Release|Any CPU
	EndGlobalSection
	GlobalSection(SolutionProperties) = preSolution
		HideSolutionNode = FALSE
	EndGlobalSection
	GlobalSection(ExtensibilityGlobals) = postSolution
		SolutionGuid = {BB4BE2D9-2CF6-4A51-9A1B-C2C47C1D5587}
	EndGlobalSection
EndGlobal
